// !$*UTF8*$!
{
	archiveVersion = 1;
	classes = {
	};
	objectVersion = 77;
	objects = {

/* Begin PBXBuildFile section */
		834699E22C849A8900D48C7B /* Sparkle.framework in Frameworks */ = {isa = PBXBuildFile; fileRef = 834699BE2C849A8900D48C7B /* Sparkle.framework */; };
/* End PBXBuildFile section */

/* Begin PBXCopyFilesBuildPhase section */
		8346999C2C84971A00D48C7B /* CopyFiles */ = {
			isa = PBXCopyFilesBuildPhase;
			buildActionMask = 2147483647;
			dstPath = /usr/share/man/man1/;
			dstSubfolderSpec = 0;
			files = (
			);
			runOnlyForDeploymentPostprocessing = 1;
		};
/* End PBXCopyFilesBuildPhase section */

/* Begin PBXFileReference section */
		8346999E2C84971A00D48C7B /* Drop-EFI */ = {isa = PBXFileReference; explicitFileType = "compiled.mach-o.executable"; includeInIndex = 0; path = "Drop-EFI"; sourceTree = BUILT_PRODUCTS_DIR; };
		834699AD2C849A8900D48C7B /* applet */ = {isa = PBXFileReference; lastKnownFileType = "compiled.mach-o.executable"; path = applet; sourceTree = "<group>"; };
		834699AF2C849A8900D48C7B /* main.scpt */ = {isa = PBXFileReference; lastKnownFileType = file; path = main.scpt; sourceTree = "<group>"; };
		834699B12C849A8900D48C7B /* Unmount */ = {isa = PBXFileReference; lastKnownFileType = text.script.sh; path = Unmount; sourceTree = "<group>"; };
		834699B22C849A8900D48C7B /* VolumeUnmount.aiff */ = {isa = PBXFileReference; lastKnownFileType = audio.aiff; path = VolumeUnmount.aiff; sourceTree = "<group>"; };
		834699B42C849A8900D48C7B /* applet.icns */ = {isa = PBXFileReference; lastKnownFileType = image.icns; path = applet.icns; sourceTree = "<group>"; };
		834699B52C849A8900D48C7B /* applet.rsrc */ = {isa = PBXFileReference; lastKnownFileType = archive.rsrc; path = applet.rsrc; sourceTree = "<group>"; };
		834699B62C849A8900D48C7B /* description.rtfd */ = {isa = PBXFileReference; lastKnownFileType = wrapper.rtfd; path = description.rtfd; sourceTree = "<group>"; };
		834699B82C849A8900D48C7B /* Info.plist */ = {isa = PBXFileReference; lastKnownFileType = text.plist.xml; path = Info.plist; sourceTree = "<group>"; };
		834699B92C849A8900D48C7B /* PkgInfo */ = {isa = PBXFileReference; lastKnownFileType = text; path = PkgInfo; sourceTree = "<group>"; };
		834699BC2C849A8900D48C7B /* CodeResources */ = {isa = PBXFileReference; lastKnownFileType = text.xml; path = CodeResources; sourceTree = "<group>"; };
		834699BE2C849A8900D48C7B /* Sparkle.framework */ = {isa = PBXFileReference; lastKnownFileType = wrapper.framework; path = Sparkle.framework; sourceTree = "<group>"; };
		834699C02C849A8900D48C7B /* FancyDropletFat */ = {isa = PBXFileReference; lastKnownFileType = "compiled.mach-o.executable"; path = FancyDropletFat; sourceTree = "<group>"; };
		834699C22C849A8900D48C7B /* Helper-EFI */ = {isa = PBXFileReference; lastKnownFileType = text.script.sh; path = "Helper-EFI"; sourceTree = "<group>"; };
		834699C32C849A8900D48C7B /* main.scpt */ = {isa = PBXFileReference; lastKnownFileType = file; path = main.scpt; sourceTree = "<group>"; };
		834699C42C849A8900D48C7B /* main.recover.rtf */ = {isa = PBXFileReference; lastKnownFileType = text.rtf; path = main.recover.rtf; sourceTree = "<group>"; };
		834699C62C849A8900D48C7B /* applet.icns */ = {isa = PBXFileReference; lastKnownFileType = image.icns; path = applet.icns; sourceTree = "<group>"; };
		834699C72C849A8900D48C7B /* Assets.car */ = {isa = PBXFileReference; lastKnownFileType = file; path = Assets.car; sourceTree = "<group>"; };
		834699C82C849A8900D48C7B /* Badge.tiff */ = {isa = PBXFileReference; lastKnownFileType = image.tiff; path = Badge.tiff; sourceTree = "<group>"; };
		834699C92C849A8900D48C7B /* Base */ = {isa = PBXFileReference; lastKnownFileType = file; name = Base; path = Base.lproj/ChooseFromListViewController.nib; sourceTree = "<group>"; };
		834699CB2C849A8900D48C7B /* Credits.html */ = {isa = PBXFileReference; lastKnownFileType = text.html; path = Credits.html; sourceTree = "<group>"; };
		834699CC2C849A8900D48C7B /* description.rtfd */ = {isa = PBXFileReference; lastKnownFileType = wrapper.rtfd; path = description.rtfd; sourceTree = "<group>"; };
		834699CD2C849A8900D48C7B /* Base */ = {isa = PBXFileReference; lastKnownFileType = file; name = Base; path = Base.lproj/DisplayDialogViewController.nib; sourceTree = "<group>"; };
		834699CF2C849A8900D48C7B /* DocumentIcon.png */ = {isa = PBXFileReference; lastKnownFileType = image.png; path = DocumentIcon.png; sourceTree = "<group>"; };
		834699D02C849A8900D48C7B /* Base */ = {isa = PBXFileReference; lastKnownFileType = file; name = Base; path = Base.lproj/DropFilesViewController.nib; sourceTree = "<group>"; };
		834699D22C849A8900D48C7B /* droplet.icns */ = {isa = PBXFileReference; lastKnownFileType = image.icns; path = droplet.icns; sourceTree = "<group>"; };
		834699D32C849A8900D48C7B /* droplet.tiff */ = {isa = PBXFileReference; lastKnownFileType = image.tiff; path = droplet.tiff; sourceTree = "<group>"; };
		834699D42C849A8900D48C7B /* en */ = {isa = PBXFileReference; lastKnownFileType = text.plist.strings; name = en; path = en.lproj/Localizable.strings; sourceTree = "<group>"; };
		834699D62C849A8900D48C7B /* Base */ = {isa = PBXFileReference; lastKnownFileType = wrapper.storyboardc; name = Base; path = Base.lproj/Main.storyboardc; sourceTree = "<group>"; };
		834699D82C849A8900D48C7B /* en */ = {isa = PBXFileReference; lastKnownFileType = text.plist.strings; name = en; path = en.lproj/Main.strings; sourceTree = "<group>"; };
		834699DA2C849A8900D48C7B /* Base */ = {isa = PBXFileReference; lastKnownFileType = wrapper.nib; name = Base; path = Base.lproj/SpotlightViewController.nib; sourceTree = "<group>"; };
		834699DD2C849A8900D48C7B /* Info.plist */ = {isa = PBXFileReference; lastKnownFileType = text.plist.xml; path = Info.plist; sourceTree = "<group>"; };
		834699DE2C849A8900D48C7B /* PkgInfo */ = {isa = PBXFileReference; lastKnownFileType = text; path = PkgInfo; sourceTree = "<group>"; };
/* End PBXFileReference section */

/* Begin PBXFileSystemSynchronizedRootGroup section */
		834699A02C84971A00D48C7B /* Drop-EFI */ = {
			isa = PBXFileSystemSynchronizedRootGroup;
			path = "Drop-EFI";
			sourceTree = "<group>";
		};
/* End PBXFileSystemSynchronizedRootGroup section */

/* Begin PBXFrameworksBuildPhase section */
		8346999B2C84971A00D48C7B /* Frameworks */ = {
			isa = PBXFrameworksBuildPhase;
			buildActionMask = 2147483647;
			files = (
				834699E22C849A8900D48C7B /* Sparkle.framework in Frameworks */,
			);
			runOnlyForDeploymentPostprocessing = 0;
		};
/* End PBXFrameworksBuildPhase section */

/* Begin PBXGroup section */
		834699952C84971A00D48C7B = {
			isa = PBXGroup;
			children = (
				834699E12C849A8900D48C7B /* PackageRoot */,
				834699A02C84971A00D48C7B /* Drop-EFI */,
				8346999F2C84971A00D48C7B /* Products */,
			);
			sourceTree = "<group>";
		};
		8346999F2C84971A00D48C7B /* Products */ = {
			isa = PBXGroup;
			children = (
				8346999E2C84971A00D48C7B /* Drop-EFI */,
			);
			name = Products;
			sourceTree = "<group>";
		};
		834699AE2C849A8900D48C7B /* MacOS */ = {
			isa = PBXGroup;
			children = (
				834699AD2C849A8900D48C7B /* applet */,
			);
			path = MacOS;
			sourceTree = "<group>";
		};
		834699B02C849A8900D48C7B /* Scripts */ = {
			isa = PBXGroup;
			children = (
				834699AF2C849A8900D48C7B /* main.scpt */,
			);
			path = Scripts;
			sourceTree = "<group>";
		};
		834699B32C849A8900D48C7B /* UMOUNT */ = {
			isa = PBXGroup;
			children = (
				834699B12C849A8900D48C7B /* Unmount */,
				834699B22C849A8900D48C7B /* VolumeUnmount.aiff */,
			);
			path = UMOUNT;
			sourceTree = "<group>";
		};
		834699B72C849A8900D48C7B /* Resources */ = {
			isa = PBXGroup;
			children = (
				834699B02C849A8900D48C7B /* Scripts */,
				834699B32C849A8900D48C7B /* UMOUNT */,
				834699B42C849A8900D48C7B /* applet.icns */,
				834699B52C849A8900D48C7B /* applet.rsrc */,
				834699B62C849A8900D48C7B /* description.rtfd */,
			);
			path = Resources;
			sourceTree = "<group>";
		};
		834699BA2C849A8900D48C7B /* Contents */ = {
			isa = PBXGroup;
			children = (
				834699AE2C849A8900D48C7B /* MacOS */,
				834699B72C849A8900D48C7B /* Resources */,
				834699B82C849A8900D48C7B /* Info.plist */,
				834699B92C849A8900D48C7B /* PkgInfo */,
			);
			path = Contents;
			sourceTree = "<group>";
		};
		834699BB2C849A8900D48C7B /* App */ = {
			isa = PBXGroup;
			children = (
				834699BA2C849A8900D48C7B /* Contents */,
			);
			path = App;
			sourceTree = "<group>";
		};
		834699BD2C849A8900D48C7B /* _CodeSignature */ = {
			isa = PBXGroup;
			children = (
				834699BC2C849A8900D48C7B /* CodeResources */,
			);
			path = _CodeSignature;
			sourceTree = "<group>";
		};
		834699BF2C849A8900D48C7B /* Frameworks */ = {
			isa = PBXGroup;
			children = (
				834699BE2C849A8900D48C7B /* Sparkle.framework */,
			);
			path = Frameworks;
			sourceTree = "<group>";
		};
		834699C12C849A8900D48C7B /* MacOS */ = {
			isa = PBXGroup;
			children = (
				834699C02C849A8900D48C7B /* FancyDropletFat */,
			);
			path = MacOS;
			sourceTree = "<group>";
		};
		834699C52C849A8900D48C7B /* Scripts */ = {
			isa = PBXGroup;
			children = (
				834699C22C849A8900D48C7B /* Helper-EFI */,
				834699C32C849A8900D48C7B /* main.scpt */,
				834699C42C849A8900D48C7B /* main.recover.rtf */,
			);
			path = Scripts;
			sourceTree = "<group>";
		};
		834699DC2C849A8900D48C7B /* Resources */ = {
			isa = PBXGroup;
			children = (
				834699C52C849A8900D48C7B /* Scripts */,
				834699C62C849A8900D48C7B /* applet.icns */,
				834699C72C849A8900D48C7B /* Assets.car */,
				834699C82C849A8900D48C7B /* Badge.tiff */,
				834699CA2C849A8900D48C7B /* ChooseFromListViewController.nib */,
				834699CB2C849A8900D48C7B /* Credits.html */,
				834699CC2C849A8900D48C7B /* description.rtfd */,
				834699CE2C849A8900D48C7B /* DisplayDialogViewController.nib */,
				834699CF2C849A8900D48C7B /* DocumentIcon.png */,
				834699D12C849A8900D48C7B /* DropFilesViewController.nib */,
				834699D22C849A8900D48C7B /* droplet.icns */,
				834699D32C849A8900D48C7B /* droplet.tiff */,
				834699D52C849A8900D48C7B /* Localizable.strings */,
				834699D72C849A8900D48C7B /* Main.storyboardc */,
				834699D92C849A8900D48C7B /* Main.strings */,
				834699DB2C849A8900D48C7B /* SpotlightViewController.nib */,
			);
			path = Resources;
			sourceTree = "<group>";
		};
		834699DF2C849A8900D48C7B /* Contents */ = {
			isa = PBXGroup;
			children = (
				834699BD2C849A8900D48C7B /* _CodeSignature */,
				834699BF2C849A8900D48C7B /* Frameworks */,
				834699C12C849A8900D48C7B /* MacOS */,
				834699DC2C849A8900D48C7B /* Resources */,
				834699DD2C849A8900D48C7B /* Info.plist */,
				834699DE2C849A8900D48C7B /* PkgInfo */,
			);
			path = Contents;
			sourceTree = "<group>";
		};
		834699E02C849A8900D48C7B /* InsideApp */ = {
			isa = PBXGroup;
			children = (
				834699DF2C849A8900D48C7B /* Contents */,
			);
			path = InsideApp;
			sourceTree = "<group>";
		};
		834699E12C849A8900D48C7B /* PackageRoot */ = {
			isa = PBXGroup;
			children = (
				834699BB2C849A8900D48C7B /* App */,
				834699E02C849A8900D48C7B /* InsideApp */,
			);
			path = PackageRoot;
			sourceTree = "<group>";
		};
/* End PBXGroup section */

/* Begin PBXNativeTarget section */
		8346999D2C84971A00D48C7B /* Drop-EFI */ = {
			isa = PBXNativeTarget;
			buildConfigurationList = 834699A52C84971A00D48C7B /* Build configuration list for PBXNativeTarget "Drop-EFI" */;
			buildPhases = (
				8346999B2C84971A00D48C7B /* Frameworks */,
				8346999C2C84971A00D48C7B /* CopyFiles */,
			);
			buildRules = (
			);
			dependencies = (
			);
			fileSystemSynchronizedGroups = (
				834699A02C84971A00D48C7B /* Drop-EFI */,
			);
			name = "Drop-EFI";
			packageProductDependencies = (
			);
			productName = "Drop-EFI";
			productReference = 8346999E2C84971A00D48C7B /* Drop-EFI */;
			productType = "com.apple.product-type.tool";
		};
/* End PBXNativeTarget section */

/* Begin PBXProject section */
		834699962C84971A00D48C7B /* Project object */ = {
			isa = PBXProject;
			attributes = {
				BuildIndependentTargetsInParallel = 1;
				LastUpgradeCheck = 1600;
				TargetAttributes = {
					8346999D2C84971A00D48C7B = {
						CreatedOnToolsVersion = 16.0;
					};
				};
			};
			buildConfigurationList = 834699992C84971A00D48C7B /* Build configuration list for PBXProject "Drop-EFI" */;
			developmentRegion = en;
			hasScannedForEncodings = 0;
			knownRegions = (
				en,
				Base,
			);
			mainGroup = 834699952C84971A00D48C7B;
			minimizedProjectReferenceProxies = 1;
			preferredProjectObjectVersion = 77;
			productRefGroup = 8346999F2C84971A00D48C7B /* Products */;
			projectDirPath = "";
			projectRoot = "";
			targets = (
				8346999D2C84971A00D48C7B /* Drop-EFI */,
			);
		};
/* End PBXProject section */

/* Begin PBXVariantGroup section */
		834699CA2C849A8900D48C7B /* ChooseFromListViewController.nib */ = {
			isa = PBXVariantGroup;
			children = (
				834699C92C849A8900D48C7B /* Base */,
			);
			name = ChooseFromListViewController.nib;
			sourceTree = "<group>";
		};
		834699CE2C849A8900D48C7B /* DisplayDialogViewController.nib */ = {
			isa = PBXVariantGroup;
			children = (
				834699CD2C849A8900D48C7B /* Base */,
			);
			name = DisplayDialogViewController.nib;
			sourceTree = "<group>";
		};
		834699D12C849A8900D48C7B /* DropFilesViewController.nib */ = {
			isa = PBXVariantGroup;
			children = (
				834699D02C849A8900D48C7B /* Base */,
			);
			name = DropFilesViewController.nib;
			sourceTree = "<group>";
		};
		834699D52C849A8900D48C7B /* Localizable.strings */ = {
			isa = PBXVariantGroup;
			children = (
				834699D42C849A8900D48C7B /* en */,
			);
			name = Localizable.strings;
			sourceTree = "<group>";
		};
		834699D72C849A8900D48C7B /* Main.storyboardc */ = {
			isa = PBXVariantGroup;
			children = (
				834699D62C849A8900D48C7B /* Base */,
			);
			name = Main.storyboardc;
			sourceTree = "<group>";
		};
		834699D92C849A8900D48C7B /* Main.strings */ = {
			isa = PBXVariantGroup;
			children = (
				834699D82C849A8900D48C7B /* en */,
			);
			name = Main.strings;
			sourceTree = "<group>";
		};
		834699DB2C849A8900D48C7B /* SpotlightViewController.nib */ = {
			isa = PBXVariantGroup;
			children = (
				834699DA2C849A8900D48C7B /* Base */,
			);
			name = SpotlightViewController.nib;
			sourceTree = "<group>";
		};
/* End PBXVariantGroup section */

/* Begin XCBuildConfiguration section */
		834699A32C84971A00D48C7B /* Debug */ = {
			isa = XCBuildConfiguration;
			buildSettings = {
				ALWAYS_SEARCH_USER_PATHS = NO;
				ASSETCATALOG_COMPILER_GENERATE_SWIFT_ASSET_SYMBOL_EXTENSIONS = YES;
				CLANG_ANALYZER_NONNULL = YES;
				CLANG_ANALYZER_NUMBER_OBJECT_CONVERSION = YES_AGGRESSIVE;
				CLANG_CXX_LANGUAGE_STANDARD = "gnu++20";
				CLANG_ENABLE_MODULES = YES;
				CLANG_ENABLE_OBJC_ARC = YES;
				CLANG_ENABLE_OBJC_WEAK = YES;
				CLANG_WARN_BLOCK_CAPTURE_AUTORELEASING = YES;
				CLANG_WARN_BOOL_CONVERSION = YES;
				CLANG_WARN_COMMA = YES;
				CLANG_WARN_CONSTANT_CONVERSION = YES;
				CLANG_WARN_DEPRECATED_OBJC_IMPLEMENTATIONS = YES;
				CLANG_WARN_DIRECT_OBJC_ISA_USAGE = YES_ERROR;
				CLANG_WARN_DOCUMENTATION_COMMENTS = YES;
				CLANG_WARN_EMPTY_BODY = YES;
				CLANG_WARN_ENUM_CONVERSION = YES;
				CLANG_WARN_INFINITE_RECURSION = YES;
				CLANG_WARN_INT_CONVERSION = YES;
				CLANG_WARN_NON_LITERAL_NULL_CONVERSION = YES;
				CLANG_WARN_OBJC_IMPLICIT_RETAIN_SELF = YES;
				CLANG_WARN_OBJC_LITERAL_CONVERSION = YES;
				CLANG_WARN_OBJC_ROOT_CLASS = YES_ERROR;
				CLANG_WARN_QUOTED_INCLUDE_IN_FRAMEWORK_HEADER = YES;
				CLANG_WARN_RANGE_LOOP_ANALYSIS = YES;
				CLANG_WARN_STRICT_PROTOTYPES = YES;
				CLANG_WARN_SUSPICIOUS_MOVE = YES;
				CLANG_WARN_UNGUARDED_AVAILABILITY = YES_AGGRESSIVE;
				CLANG_WARN_UNREACHABLE_CODE = YES;
				CLANG_WARN__DUPLICATE_METHOD_MATCH = YES;
				COPY_PHASE_STRIP = NO;
				DEBUG_INFORMATION_FORMAT = dwarf;
				ENABLE_STRICT_OBJC_MSGSEND = YES;
				ENABLE_TESTABILITY = YES;
				ENABLE_USER_SCRIPT_SANDBOXING = YES;
				GCC_C_LANGUAGE_STANDARD = gnu17;
				GCC_DYNAMIC_NO_PIC = NO;
				GCC_NO_COMMON_BLOCKS = YES;
				GCC_OPTIMIZATION_LEVEL = 0;
				GCC_PREPROCESSOR_DEFINITIONS = (
					"DEBUG=1",
					"$(inherited)",
				);
				GCC_WARN_64_TO_32_BIT_CONVERSION = YES;
				GCC_WARN_ABOUT_RETURN_TYPE = YES_ERROR;
				GCC_WARN_UNDECLARED_SELECTOR = YES;
				GCC_WARN_UNINITIALIZED_AUTOS = YES_AGGRESSIVE;
				GCC_WARN_UNUSED_FUNCTION = YES;
				GCC_WARN_UNUSED_VARIABLE = YES;
				LOCALIZATION_PREFERS_STRING_CATALOGS = YES;
				MACOSX_DEPLOYMENT_TARGET = 15.0;
				MTL_ENABLE_DEBUG_INFO = INCLUDE_SOURCE;
				MTL_FAST_MATH = YES;
				ONLY_ACTIVE_ARCH = YES;
				SDKROOT = macosx;
			};
			name = Debug;
		};
		834699A42C84971A00D48C7B /* Release */ = {
			isa = XCBuildConfiguration;
			buildSettings = {
				ALWAYS_SEARCH_USER_PATHS = NO;
				ASSETCATALOG_COMPILER_GENERATE_SWIFT_ASSET_SYMBOL_EXTENSIONS = YES;
				CLANG_ANALYZER_NONNULL = YES;
				CLANG_ANALYZER_NUMBER_OBJECT_CONVERSION = YES_AGGRESSIVE;
				CLANG_CXX_LANGUAGE_STANDARD = "gnu++20";
				CLANG_ENABLE_MODULES = YES;
				CLANG_ENABLE_OBJC_ARC = YES;
				CLANG_ENABLE_OBJC_WEAK = YES;
				CLANG_WARN_BLOCK_CAPTURE_AUTORELEASING = YES;
				CLANG_WARN_BOOL_CONVERSION = YES;
				CLANG_WARN_COMMA = YES;
				CLANG_WARN_CONSTANT_CONVERSION = YES;
				CLANG_WARN_DEPRECATED_OBJC_IMPLEMENTATIONS = YES;
				CLANG_WARN_DIRECT_OBJC_ISA_USAGE = YES_ERROR;
				CLANG_WARN_DOCUMENTATION_COMMENTS = YES;
				CLANG_WARN_EMPTY_BODY = YES;
				CLANG_WARN_ENUM_CONVERSION = YES;
				CLANG_WARN_INFINITE_RECURSION = YES;
				CLANG_WARN_INT_CONVERSION = YES;
				CLANG_WARN_NON_LITERAL_NULL_CONVERSION = YES;
				CLANG_WARN_OBJC_IMPLICIT_RETAIN_SELF = YES;
				CLANG_WARN_OBJC_LITERAL_CONVERSION = YES;
				CLANG_WARN_OBJC_ROOT_CLASS = YES_ERROR;
				CLANG_WARN_QUOTED_INCLUDE_IN_FRAMEWORK_HEADER = YES;
				CLANG_WARN_RANGE_LOOP_ANALYSIS = YES;
				CLANG_WARN_STRICT_PROTOTYPES = YES;
				CLANG_WARN_SUSPICIOUS_MOVE = YES;
				CLANG_WARN_UNGUARDED_AVAILABILITY = YES_AGGRESSIVE;
				CLANG_WARN_UNREACHABLE_CODE = YES;
				CLANG_WARN__DUPLICATE_METHOD_MATCH = YES;
				COPY_PHASE_STRIP = NO;
				DEBUG_INFORMATION_FORMAT = "dwarf-with-dsym";
				ENABLE_NS_ASSERTIONS = NO;
				ENABLE_STRICT_OBJC_MSGSEND = YES;
				ENABLE_USER_SCRIPT_SANDBOXING = YES;
				GCC_C_LANGUAGE_STANDARD = gnu17;
				GCC_NO_COMMON_BLOCKS = YES;
				GCC_WARN_64_TO_32_BIT_CONVERSION = YES;
				GCC_WARN_ABOUT_RETURN_TYPE = YES_ERROR;
				GCC_WARN_UNDECLARED_SELECTOR = YES;
				GCC_WARN_UNINITIALIZED_AUTOS = YES_AGGRESSIVE;
				GCC_WARN_UNUSED_FUNCTION = YES;
				GCC_WARN_UNUSED_VARIABLE = YES;
				LOCALIZATION_PREFERS_STRING_CATALOGS = YES;
				MACOSX_DEPLOYMENT_TARGET = 15.0;
				MTL_ENABLE_DEBUG_INFO = NO;
				MTL_FAST_MATH = YES;
				SDKROOT = macosx;
			};
			name = Release;
		};
		834699A62C84971A00D48C7B /* Debug */ = {
			isa = XCBuildConfiguration;
			buildSettings = {
				CODE_SIGN_STYLE = Automatic;
				FRAMEWORK_SEARCH_PATHS = (
					"$(inherited)",
					"$(PROJECT_DIR)/PackageRoot/InsideApp/Contents/Frameworks",
				);
				MACOSX_DEPLOYMENT_TARGET = 11.5;
				PRODUCT_NAME = "$(TARGET_NAME)";
			};
			name = Debug;
		};
		834699A72C84971A00D48C7B /* Release */ = {
			isa = XCBuildConfiguration;
			buildSettings = {
				CODE_SIGN_STYLE = Automatic;
				FRAMEWORK_SEARCH_PATHS = (
					"$(inherited)",
					"$(PROJECT_DIR)/PackageRoot/InsideApp/Contents/Frameworks",
				);
				MACOSX_DEPLOYMENT_TARGET = 11.5;
				PRODUCT_NAME = "$(TARGET_NAME)";
			};
			name = Release;
		};
/* End XCBuildConfiguration section */

/* Begin XCConfigurationList section */
		834699992C84971A00D48C7B /* Build configuration list for PBXProject "Drop-EFI" */ = {
			isa = XCConfigurationList;
			buildConfigurations = (
				834699A32C84971A00D48C7B /* Debug */,
				834699A42C84971A00D48C7B /* Release */,
			);
			defaultConfigurationIsVisible = 0;
			defaultConfigurationName = Release;
		};
		834699A52C84971A00D48C7B /* Build configuration list for PBXNativeTarget "Drop-EFI" */ = {
			isa = XCConfigurationList;
			buildConfigurations = (
				834699A62C84971A00D48C7B /* Debug */,
				834699A72C84971A00D48C7B /* Release */,
			);
			defaultConfigurationIsVisible = 0;
			defaultConfigurationName = Release;
		};
/* End XCConfigurationList section */
	};
	rootObject = 834699962C84971A00D48C7B /* Project object */;
}
